// !$*UTF8*$!
{
	archiveVersion = 1;
	classes = {
	};
	objectVersion = 56;
	objects = {

/* Begin PBXBuildFile section */
		591329C72C9B1C9200C38232 /* TabBar.swift in Sources */ = {isa = PBXBuildFile; fileRef = 591329C62C9B1C9200C38232 /* TabBar.swift */; };
		591329C92C9B1D0200C38232 /* ProfileView.swift in Sources */ = {isa = PBXBuildFile; fileRef = 591329C82C9B1D0200C38232 /* ProfileView.swift */; };
		591329CB2C9B264E00C38232 /* FirebaseAuthManager.swift in Sources */ = {isa = PBXBuildFile; fileRef = 591329CA2C9B264E00C38232 /* FirebaseAuthManager.swift */; };
		592194CA2CEA2C01003CC5C0 /* GoalResponse.swift in Sources */ = {isa = PBXBuildFile; fileRef = 592194C92CEA2BFA003CC5C0 /* GoalResponse.swift */; };
		5921B97A2C92FA6500C7CF4D /* TextFieldWithLabel.swift in Sources */ = {isa = PBXBuildFile; fileRef = 5921B9792C92FA6500C7CF4D /* TextFieldWithLabel.swift */; };
		592467422C917719000DC49F /* TrezoApp.swift in Sources */ = {isa = PBXBuildFile; fileRef = 592467412C917719000DC49F /* TrezoApp.swift */; };
		592467442C917719000DC49F /* ContentView.swift in Sources */ = {isa = PBXBuildFile; fileRef = 592467432C917719000DC49F /* ContentView.swift */; };
		592467462C91771B000DC49F /* Assets.xcassets in Resources */ = {isa = PBXBuildFile; fileRef = 592467452C91771B000DC49F /* Assets.xcassets */; };
		592467492C91771B000DC49F /* Preview Assets.xcassets in Resources */ = {isa = PBXBuildFile; fileRef = 592467482C91771B000DC49F /* Preview Assets.xcassets */; };
		592467532C917F24000DC49F /* OnboardingView.swift in Sources */ = {isa = PBXBuildFile; fileRef = 592467522C917F24000DC49F /* OnboardingView.swift */; };
		592467552C91CBDC000DC49F /* OnboardingItemView.swift in Sources */ = {isa = PBXBuildFile; fileRef = 592467542C91CBDC000DC49F /* OnboardingItemView.swift */; };
		592467592C91CD68000DC49F /* Onboarding.swift in Sources */ = {isa = PBXBuildFile; fileRef = 592467582C91CD68000DC49F /* Onboarding.swift */; };
		5924675C2C91CDD9000DC49F /* OnboardingViewModel.swift in Sources */ = {isa = PBXBuildFile; fileRef = 5924675B2C91CDD9000DC49F /* OnboardingViewModel.swift */; };
		5924675E2C9208B1000DC49F /* WelcomeView.swift in Sources */ = {isa = PBXBuildFile; fileRef = 5924675D2C9208B1000DC49F /* WelcomeView.swift */; };
		592467612C921260000DC49F /* SignUpView.swift in Sources */ = {isa = PBXBuildFile; fileRef = 592467602C921260000DC49F /* SignUpView.swift */; };
		592467632C92126F000DC49F /* SignInView.swift in Sources */ = {isa = PBXBuildFile; fileRef = 592467622C92126F000DC49F /* SignInView.swift */; };
		592D7C682CA94A4600D07C4E /* CreateGoalView.swift in Sources */ = {isa = PBXBuildFile; fileRef = 592D7C672CA94A4500D07C4E /* CreateGoalView.swift */; };
		592D7C6A2CA9702800D07C4E /* SecureTextFieldWithLabel.swift in Sources */ = {isa = PBXBuildFile; fileRef = 592D7C692CA9702800D07C4E /* SecureTextFieldWithLabel.swift */; };
		592D7C6C2CA973AA00D07C4E /* GoogleService-Info.plist in Resources */ = {isa = PBXBuildFile; fileRef = 592D7C6B2CA973AA00D07C4E /* GoogleService-Info.plist */; };
		59397FFC2CE34A130076CCE5 /* GoalManager.swift in Sources */ = {isa = PBXBuildFile; fileRef = 59397FFB2CE34A130076CCE5 /* GoalManager.swift */; };
		59397FFE2CE34F550076CCE5 /* Goal.swift in Sources */ = {isa = PBXBuildFile; fileRef = 59397FFD2CE34F550076CCE5 /* Goal.swift */; };
		593980002CE4943A0076CCE5 /* GoalViewModel.swift in Sources */ = {isa = PBXBuildFile; fileRef = 59397FFF2CE494310076CCE5 /* GoalViewModel.swift */; };
		59635DDB2CE67F4C00E7A552 /* CreateGoal.swift in Sources */ = {isa = PBXBuildFile; fileRef = 59635DDA2CE67F4C00E7A552 /* CreateGoal.swift */; };
		596683BB2C96130300096C6C /* FirebaseAuth in Frameworks */ = {isa = PBXBuildFile; productRef = 596683BA2C96130300096C6C /* FirebaseAuth */; };
		596683C02C9617FC00096C6C /* AuthViewModel.swift in Sources */ = {isa = PBXBuildFile; fileRef = 596683BF2C9617FC00096C6C /* AuthViewModel.swift */; };
		596683C32C96189800096C6C /* HomeView.swift in Sources */ = {isa = PBXBuildFile; fileRef = 596683C22C96189800096C6C /* HomeView.swift */; };
		59A565A32CE9DFB9008E2A98 /* CreatedGoal.swift in Sources */ = {isa = PBXBuildFile; fileRef = 59A565A22CE9DFB3008E2A98 /* CreatedGoal.swift */; };
		59A565A52CEA10B4008E2A98 /* GoalView.swift in Sources */ = {isa = PBXBuildFile; fileRef = 59A565A42CEA10B4008E2A98 /* GoalView.swift */; };
		59A565A72CEA1615008E2A98 /* CircularProgressView.swift in Sources */ = {isa = PBXBuildFile; fileRef = 59A565A62CEA1615008E2A98 /* CircularProgressView.swift */; };
/* End PBXBuildFile section */

/* Begin PBXFileReference section */
		591329C62C9B1C9200C38232 /* TabBar.swift */ = {isa = PBXFileReference; lastKnownFileType = sourcecode.swift; path = TabBar.swift; sourceTree = "<group>"; };
		591329C82C9B1D0200C38232 /* ProfileView.swift */ = {isa = PBXFileReference; lastKnownFileType = sourcecode.swift; path = ProfileView.swift; sourceTree = "<group>"; };
		591329CA2C9B264E00C38232 /* FirebaseAuthManager.swift */ = {isa = PBXFileReference; lastKnownFileType = sourcecode.swift; path = FirebaseAuthManager.swift; sourceTree = "<group>"; };
		592194C92CEA2BFA003CC5C0 /* GoalResponse.swift */ = {isa = PBXFileReference; lastKnownFileType = sourcecode.swift; path = GoalResponse.swift; sourceTree = "<group>"; };
		5921B9792C92FA6500C7CF4D /* TextFieldWithLabel.swift */ = {isa = PBXFileReference; lastKnownFileType = sourcecode.swift; path = TextFieldWithLabel.swift; sourceTree = "<group>"; };
		5924673E2C917719000DC49F /* Trezo.app */ = {isa = PBXFileReference; explicitFileType = wrapper.application; includeInIndex = 0; path = Trezo.app; sourceTree = BUILT_PRODUCTS_DIR; };
		592467412C917719000DC49F /* TrezoApp.swift */ = {isa = PBXFileReference; lastKnownFileType = sourcecode.swift; path = TrezoApp.swift; sourceTree = "<group>"; };
		592467432C917719000DC49F /* ContentView.swift */ = {isa = PBXFileReference; lastKnownFileType = sourcecode.swift; path = ContentView.swift; sourceTree = "<group>"; };
		592467452C91771B000DC49F /* Assets.xcassets */ = {isa = PBXFileReference; lastKnownFileType = folder.assetcatalog; path = Assets.xcassets; sourceTree = "<group>"; };
		592467482C91771B000DC49F /* Preview Assets.xcassets */ = {isa = PBXFileReference; lastKnownFileType = folder.assetcatalog; path = "Preview Assets.xcassets"; sourceTree = "<group>"; };
		592467502C917ACF000DC49F /* Info.plist */ = {isa = PBXFileReference; lastKnownFileType = text.plist; path = Info.plist; sourceTree = "<group>"; };
		592467522C917F24000DC49F /* OnboardingView.swift */ = {isa = PBXFileReference; lastKnownFileType = sourcecode.swift; path = OnboardingView.swift; sourceTree = "<group>"; };
		592467542C91CBDC000DC49F /* OnboardingItemView.swift */ = {isa = PBXFileReference; lastKnownFileType = sourcecode.swift; path = OnboardingItemView.swift; sourceTree = "<group>"; };
		592467582C91CD68000DC49F /* Onboarding.swift */ = {isa = PBXFileReference; lastKnownFileType = sourcecode.swift; path = Onboarding.swift; sourceTree = "<group>"; };
		5924675B2C91CDD9000DC49F /* OnboardingViewModel.swift */ = {isa = PBXFileReference; lastKnownFileType = sourcecode.swift; path = OnboardingViewModel.swift; sourceTree = "<group>"; };
		5924675D2C9208B1000DC49F /* WelcomeView.swift */ = {isa = PBXFileReference; lastKnownFileType = sourcecode.swift; path = WelcomeView.swift; sourceTree = "<group>"; };
		592467602C921260000DC49F /* SignUpView.swift */ = {isa = PBXFileReference; lastKnownFileType = sourcecode.swift; path = SignUpView.swift; sourceTree = "<group>"; };
		592467622C92126F000DC49F /* SignInView.swift */ = {isa = PBXFileReference; lastKnownFileType = sourcecode.swift; path = SignInView.swift; sourceTree = "<group>"; };
		592D7C672CA94A4500D07C4E /* CreateGoalView.swift */ = {isa = PBXFileReference; lastKnownFileType = sourcecode.swift; path = CreateGoalView.swift; sourceTree = "<group>"; };
		592D7C692CA9702800D07C4E /* SecureTextFieldWithLabel.swift */ = {isa = PBXFileReference; lastKnownFileType = sourcecode.swift; path = SecureTextFieldWithLabel.swift; sourceTree = "<group>"; };
		592D7C6B2CA973AA00D07C4E /* GoogleService-Info.plist */ = {isa = PBXFileReference; lastKnownFileType = text.plist.xml; path = "GoogleService-Info.plist"; sourceTree = "<group>"; };
		59397FFB2CE34A130076CCE5 /* GoalManager.swift */ = {isa = PBXFileReference; lastKnownFileType = sourcecode.swift; path = GoalManager.swift; sourceTree = "<group>"; };
		59397FFD2CE34F550076CCE5 /* Goal.swift */ = {isa = PBXFileReference; lastKnownFileType = sourcecode.swift; path = Goal.swift; sourceTree = "<group>"; };
		59397FFF2CE494310076CCE5 /* GoalViewModel.swift */ = {isa = PBXFileReference; lastKnownFileType = sourcecode.swift; path = GoalViewModel.swift; sourceTree = "<group>"; };
		59635DDA2CE67F4C00E7A552 /* CreateGoal.swift */ = {isa = PBXFileReference; lastKnownFileType = sourcecode.swift; path = CreateGoal.swift; sourceTree = "<group>"; };
		596683BF2C9617FC00096C6C /* AuthViewModel.swift */ = {isa = PBXFileReference; lastKnownFileType = sourcecode.swift; path = AuthViewModel.swift; sourceTree = "<group>"; };
		596683C22C96189800096C6C /* HomeView.swift */ = {isa = PBXFileReference; lastKnownFileType = sourcecode.swift; path = HomeView.swift; sourceTree = "<group>"; };
		59A565A22CE9DFB3008E2A98 /* CreatedGoal.swift */ = {isa = PBXFileReference; lastKnownFileType = sourcecode.swift; path = CreatedGoal.swift; sourceTree = "<group>"; };
		59A565A42CEA10B4008E2A98 /* GoalView.swift */ = {isa = PBXFileReference; lastKnownFileType = sourcecode.swift; path = GoalView.swift; sourceTree = "<group>"; };
		59A565A62CEA1615008E2A98 /* CircularProgressView.swift */ = {isa = PBXFileReference; lastKnownFileType = sourcecode.swift; path = CircularProgressView.swift; sourceTree = "<group>"; };
/* End PBXFileReference section */

/* Begin PBXFrameworksBuildPhase section */
		5924673B2C917719000DC49F /* Frameworks */ = {
			isa = PBXFrameworksBuildPhase;
			buildActionMask = 2147483647;
			files = (
				596683BB2C96130300096C6C /* FirebaseAuth in Frameworks */,
			);
			runOnlyForDeploymentPostprocessing = 0;
		};
/* End PBXFrameworksBuildPhase section */

/* Begin PBXGroup section */
		592467352C917719000DC49F = {
			isa = PBXGroup;
			children = (
				592467402C917719000DC49F /* Trezo */,
				5924673F2C917719000DC49F /* Products */,
			);
			sourceTree = "<group>";
		};
		5924673F2C917719000DC49F /* Products */ = {
			isa = PBXGroup;
			children = (
				5924673E2C917719000DC49F /* Trezo.app */,
			);
			name = Products;
			sourceTree = "<group>";
		};
		592467402C917719000DC49F /* Trezo */ = {
			isa = PBXGroup;
			children = (
				596683BC2C96162300096C6C /* Managers */,
				5924675A2C91CDC4000DC49F /* ViewModels */,
				592467572C91CD58000DC49F /* Models */,
				592467562C91CBED000DC49F /* Views */,
				592467502C917ACF000DC49F /* Info.plist */,
				5924674F2C917804000DC49F /* Screens */,
				592467412C917719000DC49F /* TrezoApp.swift */,
				592467432C917719000DC49F /* ContentView.swift */,
				592467452C91771B000DC49F /* Assets.xcassets */,
				592467472C91771B000DC49F /* Preview Content */,
				592D7C6B2CA973AA00D07C4E /* GoogleService-Info.plist */,
			);
			path = Trezo;
			sourceTree = "<group>";
		};
		592467472C91771B000DC49F /* Preview Content */ = {
			isa = PBXGroup;
			children = (
				592467482C91771B000DC49F /* Preview Assets.xcassets */,
			);
			path = "Preview Content";
			sourceTree = "<group>";
		};
		5924674F2C917804000DC49F /* Screens */ = {
			isa = PBXGroup;
			children = (
				596683C12C96188800096C6C /* Main */,
				5924675F2C92124C000DC49F /* Auth */,
				592467512C917D64000DC49F /* Onboarding */,
				591329C62C9B1C9200C38232 /* TabBar.swift */,
			);
			path = Screens;
			sourceTree = "<group>";
		};
		592467512C917D64000DC49F /* Onboarding */ = {
			isa = PBXGroup;
			children = (
				592467522C917F24000DC49F /* OnboardingView.swift */,
				5924675D2C9208B1000DC49F /* WelcomeView.swift */,
			);
			path = Onboarding;
			sourceTree = "<group>";
		};
		592467562C91CBED000DC49F /* Views */ = {
			isa = PBXGroup;
			children = (
				592467542C91CBDC000DC49F /* OnboardingItemView.swift */,
				5921B9792C92FA6500C7CF4D /* TextFieldWithLabel.swift */,
				592D7C692CA9702800D07C4E /* SecureTextFieldWithLabel.swift */,
				59A565A62CEA1615008E2A98 /* CircularProgressView.swift */,
			);
			path = Views;
			sourceTree = "<group>";
		};
		592467572C91CD58000DC49F /* Models */ = {
			isa = PBXGroup;
			children = (
				592194C92CEA2BFA003CC5C0 /* GoalResponse.swift */,
				59A565A22CE9DFB3008E2A98 /* CreatedGoal.swift */,
				592467582C91CD68000DC49F /* Onboarding.swift */,
				59397FFD2CE34F550076CCE5 /* Goal.swift */,
				59635DDA2CE67F4C00E7A552 /* CreateGoal.swift */,
			);
			path = Models;
			sourceTree = "<group>";
		};
		5924675A2C91CDC4000DC49F /* ViewModels */ = {
			isa = PBXGroup;
			children = (
				59397FFF2CE494310076CCE5 /* GoalViewModel.swift */,
				5924675B2C91CDD9000DC49F /* OnboardingViewModel.swift */,
				596683BF2C9617FC00096C6C /* AuthViewModel.swift */,
			);
			path = ViewModels;
			sourceTree = "<group>";
		};
		5924675F2C92124C000DC49F /* Auth */ = {
			isa = PBXGroup;
			children = (
				592467602C921260000DC49F /* SignUpView.swift */,
				592467622C92126F000DC49F /* SignInView.swift */,
			);
			path = Auth;
			sourceTree = "<group>";
		};
		596683BC2C96162300096C6C /* Managers */ = {
			isa = PBXGroup;
			children = (
				59397FFB2CE34A130076CCE5 /* GoalManager.swift */,
				591329CA2C9B264E00C38232 /* FirebaseAuthManager.swift */,
			);
			path = Managers;
			sourceTree = "<group>";
		};
		596683C12C96188800096C6C /* Main */ = {
			isa = PBXGroup;
			children = (
				596683C22C96189800096C6C /* HomeView.swift */,
				591329C82C9B1D0200C38232 /* ProfileView.swift */,
				592D7C672CA94A4500D07C4E /* CreateGoalView.swift */,
				59A565A42CEA10B4008E2A98 /* GoalView.swift */,
			);
			path = Main;
			sourceTree = "<group>";
		};
/* End PBXGroup section */

/* Begin PBXNativeTarget section */
		5924673D2C917719000DC49F /* Trezo */ = {
			isa = PBXNativeTarget;
			buildConfigurationList = 5924674C2C91771B000DC49F /* Build configuration list for PBXNativeTarget "Trezo" */;
			buildPhases = (
				5924673A2C917719000DC49F /* Sources */,
				5924673B2C917719000DC49F /* Frameworks */,
				5924673C2C917719000DC49F /* Resources */,
			);
			buildRules = (
			);
			dependencies = (
			);
			name = Trezo;
			packageProductDependencies = (
				596683BA2C96130300096C6C /* FirebaseAuth */,
			);
			productName = Trezo;
			productReference = 5924673E2C917719000DC49F /* Trezo.app */;
			productType = "com.apple.product-type.application";
		};
/* End PBXNativeTarget section */

/* Begin PBXProject section */
		592467362C917719000DC49F /* Project object */ = {
			isa = PBXProject;
			attributes = {
				BuildIndependentTargetsInParallel = 1;
				LastSwiftUpdateCheck = 1540;
				LastUpgradeCheck = 1540;
				TargetAttributes = {
					5924673D2C917719000DC49F = {
						CreatedOnToolsVersion = 15.4;
					};
				};
			};
			buildConfigurationList = 592467392C917719000DC49F /* Build configuration list for PBXProject "Trezo" */;
			compatibilityVersion = "Xcode 14.0";
			developmentRegion = en;
			hasScannedForEncodings = 0;
			knownRegions = (
				en,
				Base,
			);
			mainGroup = 592467352C917719000DC49F;
			packageReferences = (
				596683B92C96130300096C6C /* XCRemoteSwiftPackageReference "firebase-ios-sdk" */,
			);
			productRefGroup = 5924673F2C917719000DC49F /* Products */;
			projectDirPath = "";
			projectRoot = "";
			targets = (
				5924673D2C917719000DC49F /* Trezo */,
			);
		};
/* End PBXProject section */

/* Begin PBXResourcesBuildPhase section */
		5924673C2C917719000DC49F /* Resources */ = {
			isa = PBXResourcesBuildPhase;
			buildActionMask = 2147483647;
			files = (
				592467492C91771B000DC49F /* Preview Assets.xcassets in Resources */,
				592D7C6C2CA973AA00D07C4E /* GoogleService-Info.plist in Resources */,
				592467462C91771B000DC49F /* Assets.xcassets in Resources */,
			);
			runOnlyForDeploymentPostprocessing = 0;
		};
/* End PBXResourcesBuildPhase section */

/* Begin PBXSourcesBuildPhase section */
		5924673A2C917719000DC49F /* Sources */ = {
			isa = PBXSourcesBuildPhase;
			buildActionMask = 2147483647;
			files = (
				592467632C92126F000DC49F /* SignInView.swift in Sources */,
				592D7C682CA94A4600D07C4E /* CreateGoalView.swift in Sources */,
				592467552C91CBDC000DC49F /* OnboardingItemView.swift in Sources */,
				592D7C6A2CA9702800D07C4E /* SecureTextFieldWithLabel.swift in Sources */,
				596683C32C96189800096C6C /* HomeView.swift in Sources */,
				5924675C2C91CDD9000DC49F /* OnboardingViewModel.swift in Sources */,
				592467532C917F24000DC49F /* OnboardingView.swift in Sources */,
				5921B97A2C92FA6500C7CF4D /* TextFieldWithLabel.swift in Sources */,
				592467592C91CD68000DC49F /* Onboarding.swift in Sources */,
				593980002CE4943A0076CCE5 /* GoalViewModel.swift in Sources */,
				592194CA2CEA2C01003CC5C0 /* GoalResponse.swift in Sources */,
				59A565A72CEA1615008E2A98 /* CircularProgressView.swift in Sources */,
				592467612C921260000DC49F /* SignUpView.swift in Sources */,
				59A565A32CE9DFB9008E2A98 /* CreatedGoal.swift in Sources */,
				596683C02C9617FC00096C6C /* AuthViewModel.swift in Sources */,
				591329CB2C9B264E00C38232 /* FirebaseAuthManager.swift in Sources */,
				591329C72C9B1C9200C38232 /* TabBar.swift in Sources */,
				592467442C917719000DC49F /* ContentView.swift in Sources */,
				59635DDB2CE67F4C00E7A552 /* CreateGoal.swift in Sources */,
				59397FFE2CE34F550076CCE5 /* Goal.swift in Sources */,
				592467422C917719000DC49F /* TrezoApp.swift in Sources */,
				591329C92C9B1D0200C38232 /* ProfileView.swift in Sources */,
				59397FFC2CE34A130076CCE5 /* GoalManager.swift in Sources */,
				59A565A52CEA10B4008E2A98 /* GoalView.swift in Sources */,
				5924675E2C9208B1000DC49F /* WelcomeView.swift in Sources */,
			);
			runOnlyForDeploymentPostprocessing = 0;
		};
/* End PBXSourcesBuildPhase section */

/* Begin XCBuildConfiguration section */
		5924674A2C91771B000DC49F /* Debug */ = {
			isa = XCBuildConfiguration;
			buildSettings = {
				ALWAYS_SEARCH_USER_PATHS = NO;
				ASSETCATALOG_COMPILER_GENERATE_SWIFT_ASSET_SYMBOL_EXTENSIONS = YES;
				CLANG_ANALYZER_NONNULL = YES;
				CLANG_ANALYZER_NUMBER_OBJECT_CONVERSION = YES_AGGRESSIVE;
				CLANG_CXX_LANGUAGE_STANDARD = "gnu++20";
				CLANG_ENABLE_MODULES = YES;
				CLANG_ENABLE_OBJC_ARC = YES;
				CLANG_ENABLE_OBJC_WEAK = YES;
				CLANG_WARN_BLOCK_CAPTURE_AUTORELEASING = YES;
				CLANG_WARN_BOOL_CONVERSION = YES;
				CLANG_WARN_COMMA = YES;
				CLANG_WARN_CONSTANT_CONVERSION = YES;
				CLANG_WARN_DEPRECATED_OBJC_IMPLEMENTATIONS = YES;
				CLANG_WARN_DIRECT_OBJC_ISA_USAGE = YES_ERROR;
				CLANG_WARN_DOCUMENTATION_COMMENTS = YES;
				CLANG_WARN_EMPTY_BODY = YES;
				CLANG_WARN_ENUM_CONVERSION = YES;
				CLANG_WARN_INFINITE_RECURSION = YES;
				CLANG_WARN_INT_CONVERSION = YES;
				CLANG_WARN_NON_LITERAL_NULL_CONVERSION = YES;
				CLANG_WARN_OBJC_IMPLICIT_RETAIN_SELF = YES;
				CLANG_WARN_OBJC_LITERAL_CONVERSION = YES;
				CLANG_WARN_OBJC_ROOT_CLASS = YES_ERROR;
				CLANG_WARN_QUOTED_INCLUDE_IN_FRAMEWORK_HEADER = YES;
				CLANG_WARN_RANGE_LOOP_ANALYSIS = YES;
				CLANG_WARN_STRICT_PROTOTYPES = YES;
				CLANG_WARN_SUSPICIOUS_MOVE = YES;
				CLANG_WARN_UNGUARDED_AVAILABILITY = YES_AGGRESSIVE;
				CLANG_WARN_UNREACHABLE_CODE = YES;
				CLANG_WARN__DUPLICATE_METHOD_MATCH = YES;
				COPY_PHASE_STRIP = NO;
				DEBUG_INFORMATION_FORMAT = dwarf;
				ENABLE_STRICT_OBJC_MSGSEND = YES;
				ENABLE_TESTABILITY = YES;
				ENABLE_USER_SCRIPT_SANDBOXING = YES;
				GCC_C_LANGUAGE_STANDARD = gnu17;
				GCC_DYNAMIC_NO_PIC = NO;
				GCC_NO_COMMON_BLOCKS = YES;
				GCC_OPTIMIZATION_LEVEL = 0;
				GCC_PREPROCESSOR_DEFINITIONS = (
					"DEBUG=1",
					"$(inherited)",
				);
				GCC_WARN_64_TO_32_BIT_CONVERSION = YES;
				GCC_WARN_ABOUT_RETURN_TYPE = YES_ERROR;
				GCC_WARN_UNDECLARED_SELECTOR = YES;
				GCC_WARN_UNINITIALIZED_AUTOS = YES_AGGRESSIVE;
				GCC_WARN_UNUSED_FUNCTION = YES;
				GCC_WARN_UNUSED_VARIABLE = YES;
				IPHONEOS_DEPLOYMENT_TARGET = 17.5;
				LOCALIZATION_PREFERS_STRING_CATALOGS = YES;
				MTL_ENABLE_DEBUG_INFO = INCLUDE_SOURCE;
				MTL_FAST_MATH = YES;
				ONLY_ACTIVE_ARCH = YES;
				SDKROOT = iphoneos;
				SWIFT_ACTIVE_COMPILATION_CONDITIONS = "DEBUG $(inherited)";
				SWIFT_OPTIMIZATION_LEVEL = "-Onone";
			};
			name = Debug;
		};
		5924674B2C91771B000DC49F /* Release */ = {
			isa = XCBuildConfiguration;
			buildSettings = {
				ALWAYS_SEARCH_USER_PATHS = NO;
				ASSETCATALOG_COMPILER_GENERATE_SWIFT_ASSET_SYMBOL_EXTENSIONS = YES;
				CLANG_ANALYZER_NONNULL = YES;
				CLANG_ANALYZER_NUMBER_OBJECT_CONVERSION = YES_AGGRESSIVE;
				CLANG_CXX_LANGUAGE_STANDARD = "gnu++20";
				CLANG_ENABLE_MODULES = YES;
				CLANG_ENABLE_OBJC_ARC = YES;
				CLANG_ENABLE_OBJC_WEAK = YES;
				CLANG_WARN_BLOCK_CAPTURE_AUTORELEASING = YES;
				CLANG_WARN_BOOL_CONVERSION = YES;
				CLANG_WARN_COMMA = YES;
				CLANG_WARN_CONSTANT_CONVERSION = YES;
				CLANG_WARN_DEPRECATED_OBJC_IMPLEMENTATIONS = YES;
				CLANG_WARN_DIRECT_OBJC_ISA_USAGE = YES_ERROR;
				CLANG_WARN_DOCUMENTATION_COMMENTS = YES;
				CLANG_WARN_EMPTY_BODY = YES;
				CLANG_WARN_ENUM_CONVERSION = YES;
				CLANG_WARN_INFINITE_RECURSION = YES;
				CLANG_WARN_INT_CONVERSION = YES;
				CLANG_WARN_NON_LITERAL_NULL_CONVERSION = YES;
				CLANG_WARN_OBJC_IMPLICIT_RETAIN_SELF = YES;
				CLANG_WARN_OBJC_LITERAL_CONVERSION = YES;
				CLANG_WARN_OBJC_ROOT_CLASS = YES_ERROR;
				CLANG_WARN_QUOTED_INCLUDE_IN_FRAMEWORK_HEADER = YES;
				CLANG_WARN_RANGE_LOOP_ANALYSIS = YES;
				CLANG_WARN_STRICT_PROTOTYPES = YES;
				CLANG_WARN_SUSPICIOUS_MOVE = YES;
				CLANG_WARN_UNGUARDED_AVAILABILITY = YES_AGGRESSIVE;
				CLANG_WARN_UNREACHABLE_CODE = YES;
				CLANG_WARN__DUPLICATE_METHOD_MATCH = YES;
				COPY_PHASE_STRIP = NO;
				DEBUG_INFORMATION_FORMAT = "dwarf-with-dsym";
				ENABLE_NS_ASSERTIONS = NO;
				ENABLE_STRICT_OBJC_MSGSEND = YES;
				ENABLE_USER_SCRIPT_SANDBOXING = YES;
				GCC_C_LANGUAGE_STANDARD = gnu17;
				GCC_NO_COMMON_BLOCKS = YES;
				GCC_WARN_64_TO_32_BIT_CONVERSION = YES;
				GCC_WARN_ABOUT_RETURN_TYPE = YES_ERROR;
				GCC_WARN_UNDECLARED_SELECTOR = YES;
				GCC_WARN_UNINITIALIZED_AUTOS = YES_AGGRESSIVE;
				GCC_WARN_UNUSED_FUNCTION = YES;
				GCC_WARN_UNUSED_VARIABLE = YES;
				IPHONEOS_DEPLOYMENT_TARGET = 17.5;
				LOCALIZATION_PREFERS_STRING_CATALOGS = YES;
				MTL_ENABLE_DEBUG_INFO = NO;
				MTL_FAST_MATH = YES;
				SDKROOT = iphoneos;
				SWIFT_COMPILATION_MODE = wholemodule;
				VALIDATE_PRODUCT = YES;
			};
			name = Release;
		};
		5924674D2C91771B000DC49F /* Debug */ = {
			isa = XCBuildConfiguration;
			buildSettings = {
				ASSETCATALOG_COMPILER_APPICON_NAME = AppIcon;
				ASSETCATALOG_COMPILER_GLOBAL_ACCENT_COLOR_NAME = AccentColor;
				CODE_SIGN_STYLE = Automatic;
				CURRENT_PROJECT_VERSION = 1;
				DEVELOPMENT_ASSET_PATHS = "\"Trezo/Preview Content\"";
				DEVELOPMENT_TEAM = 73693TK5LS;
				ENABLE_PREVIEWS = YES;
				GENERATE_INFOPLIST_FILE = YES;
				INFOPLIST_FILE = Trezo/Info.plist;
				INFOPLIST_KEY_UIApplicationSceneManifest_Generation = YES;
				INFOPLIST_KEY_UIApplicationSupportsIndirectInputEvents = YES;
				INFOPLIST_KEY_UILaunchScreen_Generation = YES;
				INFOPLIST_KEY_UISupportedInterfaceOrientations_iPad = "UIInterfaceOrientationPortrait UIInterfaceOrientationPortraitUpsideDown UIInterfaceOrientationLandscapeLeft UIInterfaceOrientationLandscapeRight";
				INFOPLIST_KEY_UISupportedInterfaceOrientations_iPhone = "UIInterfaceOrientationPortrait UIInterfaceOrientationLandscapeLeft UIInterfaceOrientationLandscapeRight";
				LD_RUNPATH_SEARCH_PATHS = (
					"$(inherited)",
					"@executable_path/Frameworks",
				);
				MARKETING_VERSION = 1.0;
				PRODUCT_BUNDLE_IDENTIFIER = com.bekithembamdluli.PennyWise;
				PRODUCT_NAME = "$(TARGET_NAME)";
				SWIFT_EMIT_LOC_STRINGS = YES;
				SWIFT_VERSION = 5.0;
				TARGETED_DEVICE_FAMILY = "1,2";
			};
			name = Debug;
		};
		5924674E2C91771B000DC49F /* Release */ = {
			isa = XCBuildConfiguration;
			buildSettings = {
				ASSETCATALOG_COMPILER_APPICON_NAME = AppIcon;
				ASSETCATALOG_COMPILER_GLOBAL_ACCENT_COLOR_NAME = AccentColor;
				CODE_SIGN_STYLE = Automatic;
				CURRENT_PROJECT_VERSION = 1;
				DEVELOPMENT_ASSET_PATHS = "\"Trezo/Preview Content\"";
				DEVELOPMENT_TEAM = 73693TK5LS;
				ENABLE_PREVIEWS = YES;
				GENERATE_INFOPLIST_FILE = YES;
				INFOPLIST_FILE = Trezo/Info.plist;
				INFOPLIST_KEY_UIApplicationSceneManifest_Generation = YES;
				INFOPLIST_KEY_UIApplicationSupportsIndirectInputEvents = YES;
				INFOPLIST_KEY_UILaunchScreen_Generation = YES;
				INFOPLIST_KEY_UISupportedInterfaceOrientations_iPad = "UIInterfaceOrientationPortrait UIInterfaceOrientationPortraitUpsideDown UIInterfaceOrientationLandscapeLeft UIInterfaceOrientationLandscapeRight";
				INFOPLIST_KEY_UISupportedInterfaceOrientations_iPhone = "UIInterfaceOrientationPortrait UIInterfaceOrientationLandscapeLeft UIInterfaceOrientationLandscapeRight";
				LD_RUNPATH_SEARCH_PATHS = (
					"$(inherited)",
					"@executable_path/Frameworks",
				);
				MARKETING_VERSION = 1.0;
				PRODUCT_BUNDLE_IDENTIFIER = com.bekithembamdluli.PennyWise;
				PRODUCT_NAME = "$(TARGET_NAME)";
				SWIFT_EMIT_LOC_STRINGS = YES;
				SWIFT_VERSION = 5.0;
				TARGETED_DEVICE_FAMILY = "1,2";
			};
			name = Release;
		};
/* End XCBuildConfiguration section */

/* Begin XCConfigurationList section */
		592467392C917719000DC49F /* Build configuration list for PBXProject "Trezo" */ = {
			isa = XCConfigurationList;
			buildConfigurations = (
				5924674A2C91771B000DC49F /* Debug */,
				5924674B2C91771B000DC49F /* Release */,
			);
			defaultConfigurationIsVisible = 0;
			defaultConfigurationName = Release;
		};
		5924674C2C91771B000DC49F /* Build configuration list for PBXNativeTarget "Trezo" */ = {
			isa = XCConfigurationList;
			buildConfigurations = (
				5924674D2C91771B000DC49F /* Debug */,
				5924674E2C91771B000DC49F /* Release */,
			);
			defaultConfigurationIsVisible = 0;
			defaultConfigurationName = Release;
		};
/* End XCConfigurationList section */

/* Begin XCRemoteSwiftPackageReference section */
		596683B92C96130300096C6C /* XCRemoteSwiftPackageReference "firebase-ios-sdk" */ = {
			isa = XCRemoteSwiftPackageReference;
			repositoryURL = "https://github.com/firebase/firebase-ios-sdk";
			requirement = {
				kind = upToNextMajorVersion;
				minimumVersion = 11.2.0;
			};
		};
/* End XCRemoteSwiftPackageReference section */

/* Begin XCSwiftPackageProductDependency section */
		596683BA2C96130300096C6C /* FirebaseAuth */ = {
			isa = XCSwiftPackageProductDependency;
			package = 596683B92C96130300096C6C /* XCRemoteSwiftPackageReference "firebase-ios-sdk" */;
			productName = FirebaseAuth;
		};
/* End XCSwiftPackageProductDependency section */
	};
	rootObject = 592467362C917719000DC49F /* Project object */;
}
